
Microsoft Visual Studio Solution File, Format Version 12.00
# Visual Studio Version 17
VisualStudioVersion = 17.7.34031.279
MinimumVisualStudioVersion = 10.0.40219.1
Project("{FAE04EC0-301F-11D3-BF4B-00C04F79EFBC}") = "API-C", "API-C\API-C.csproj", "{4AC6B2F5-FFAA-4107-AF82-3A8874CBC159}"
EndProject
Project("{FAE04EC0-301F-11D3-BF4B-00C04F79EFBC}") = "DAL", "DAL\DAL.csproj", "{0BF55A2D-3AF5-4560-B952-6635710518CA}"
EndProject
Global
	GlobalSection(SolutionConfigurationPlatforms) = preSolution
		Debug|Any CPU = Debug|Any CPU
		Release|Any CPU = Release|Any CPU
	EndGlobalSection
	GlobalSection(ProjectConfigurationPlatforms) = postSolution
		{4AC6B2F5-FFAA-4107-AF82-3A8874CBC159}.Debug|Any CPU.ActiveCfg = Debug|Any CPU
		{4AC6B2F5-FFAA-4107-AF82-3A8874CBC159}.Debug|Any CPU.Build.0 = Debug|Any CPU
		{4AC6B2F5-FFAA-4107-AF82-3A8874CBC159}.Release|Any CPU.ActiveCfg = Release|Any CPU
		{4AC6B2F5-FFAA-4107-AF82-3A8874CBC159}.Release|Any CPU.Build.0 = Release|Any CPU
		{0BF55A2D-3AF5-4560-B952-6635710518CA}.Debug|Any CPU.ActiveCfg = Debug|Any CPU
		{0BF55A2D-3AF5-4560-B952-6635710518CA}.Debug|Any CPU.Build.0 = Debug|Any CPU
		{0BF55A2D-3AF5-4560-B952-6635710518CA}.Release|Any CPU.ActiveCfg = Release|Any CPU
		{0BF55A2D-3AF5-4560-B952-6635710518CA}.Release|Any CPU.Build.0 = Release|Any CPU
	EndGlobalSection
	GlobalSection(SolutionProperties) = preSolution
		HideSolutionNode = FALSE
	EndGlobalSection
	GlobalSection(ExtensibilityGlobals) = postSolution
		SolutionGuid = {C9A3E81A-54DF-4162-A2D3-555AF7D639F1}
	EndGlobalSection
EndGlobal
